<?xml version="1.0" encoding="utf-8"?>
<Project ToolsVersion="4.0" xmlns="http://schemas.microsoft.com/developer/msbuild/2003">
  <ItemGroup>
    <ClCompile Include="BehaviorTree.cpp" />
    <ClCompile Include="BehaviorTreeEvent.cpp" />
    <ClCompile Include="BehaviorTreeOptimized.cpp" />
    <ClCompile Include="BehaviorTreeShared.cpp" />
    <ClCompile Include="Test.cpp" />
  </ItemGroup>
  <ItemGroup>
    <None Include="LICENSING.txt" />
  </ItemGroup>
  <ItemGroup>
    <ClInclude Include="Shared.h" />
    <ClInclude Include="Test.h" />
  </ItemGroup>
</Project>